{
  "originHash" : "d09792752e24dd2cd894713a953414dad867bed8a9c2407f95ccaf570b56b308",
  "pins" : [
    {
      "identity" : "cucumberswift",
      "kind" : "remoteSourceControl",
      "location" : "https://github.com/cucumberswift/CucumberSwift.git",
      "state" : {
        "revision" : "1d16dcd943a35eb8ecf274caf85ea827b4018d4d",
        "version" : "5.0.10"
      }
    },
    {
      "identity" : "cucumberswiftexpressions",
      "kind" : "remoteSourceControl",
      "location" : "https://github.com/cucumberswift/CucumberSwiftExpressions.git",
      "state" : {
        "revision" : "5200dc2c5d7cd31f07a13f030ab0027224d2dbea",
        "version" : "0.0.8"
      }
    },
    {
      "identity" : "swift-log",
      "kind" : "remoteSourceControl",
      "location" : "https://github.com/apple/swift-log",
      "state" : {
        "revision" : "3ffafb9722d5d918c614feb496c8789a3b59d222",
        "version" : "1.15.0"
      }
    }
  ],
  "version" : 3
}
